PODS:
  - AXKCollectionViewTools (1.0.2)
  - AXKViewLayout (1.0.0)
  - ReactiveCocoa (2.2.4):
    - ReactiveCocoa/Core
    - ReactiveCocoa/no-arc
  - ReactiveCocoa/Core (2.2.4):
    - ReactiveCocoa/no-arc
  - ReactiveCocoa/no-arc (2.2.4)

DEPENDENCIES:
  - AXKCollectionViewTools (~> 1.0.2)
  - AXKViewLayout (~> 1.0.0)
  - ReactiveCocoa (~> 2.2.4)

SPEC CHECKSUMS:
  AXKCollectionViewTools: 4d77e19a5738e2a2838ddddd2683b6d8cc36782f
  AXKViewLayout: adf4044361b02eec7b31c674e233377ee06dc643
  ReactiveCocoa: c3b0686ca2aa6589a6716000a7f6ff8e15d8de34

COCOAPODS: 0.29.0
